
Microsoft Visual Studio Solution File, Format Version 12.00
# Visual Studio Version 17
VisualStudioVersion = 17.11.35219.272
MinimumVisualStudioVersion = 10.0.40219.1
Project("{FAE04EC0-301F-11D3-BF4B-00C04F79EFBC}") = "Kekka", "Kekka\Kekka.csproj", "{438F3D18-A875-48D9-A966-1C555B715292}"
EndProject
Project("{FAE04EC0-301F-11D3-BF4B-00C04F79EFBC}") = "Kekka.Tests", "Kekka.Tests\Kekka.Tests.csproj", "{A4270052-7436-4ED1-A94F-9A8F4FF15821}"
EndProject
Global
	GlobalSection(SolutionConfigurationPlatforms) = preSolution
		Debug|Any CPU = Debug|Any CPU
		Release|Any CPU = Release|Any CPU
	EndGlobalSection
	GlobalSection(ProjectConfigurationPlatforms) = postSolution
		{438F3D18-A875-48D9-A966-1C555B715292}.Debug|Any CPU.ActiveCfg = Debug|Any CPU
		{438F3D18-A875-48D9-A966-1C555B715292}.Debug|Any CPU.Build.0 = Debug|Any CPU
		{438F3D18-A875-48D9-A966-1C555B715292}.Release|Any CPU.ActiveCfg = Release|Any CPU
		{438F3D18-A875-48D9-A966-1C555B715292}.Release|Any CPU.Build.0 = Release|Any CPU
		{A4270052-7436-4ED1-A94F-9A8F4FF15821}.Debug|Any CPU.ActiveCfg = Debug|Any CPU
		{A4270052-7436-4ED1-A94F-9A8F4FF15821}.Debug|Any CPU.Build.0 = Debug|Any CPU
		{A4270052-7436-4ED1-A94F-9A8F4FF15821}.Release|Any CPU.ActiveCfg = Release|Any CPU
		{A4270052-7436-4ED1-A94F-9A8F4FF15821}.Release|Any CPU.Build.0 = Release|Any CPU
	EndGlobalSection
	GlobalSection(SolutionProperties) = preSolution
		HideSolutionNode = FALSE
	EndGlobalSection
	GlobalSection(ExtensibilityGlobals) = postSolution
		SolutionGuid = {11C80353-F4EF-41ED-AA44-A9E2BE643A0F}
	EndGlobalSection
EndGlobal
