Microsoft Visual Studio Solution File, Format Version 12.00
# Visual Studio Version 17
VisualStudioVersion = 17.11.35219.272
MinimumVisualStudioVersion = 10.0.40219.1
Project("{9A19103F-16F7-4668-BE54-9A1E7A4F7556}") = "Kekka", "src\Kekka\Kekka.csproj", "{438F3D18-A875-48D9-A966-1C555B715292}"
EndProject
Project("{9A19103F-16F7-4668-BE54-9A1E7A4F7556}") = "Kekka.Tests", "test\Kekka.Tests\Kekka.Tests.csproj", "{A4270052-7436-4ED1-A94F-9A8F4FF15821}"
EndProject
Project("{2150E333-8FDC-42A3-9474-1A3956D46DE8}") = "src", "src", "{61694D22-BED0-4203-8E7A-00082EEC0731}"
EndProject
Project("{2150E333-8FDC-42A3-9474-1A3956D46DE8}") = "test", "test", "{C7D7B8AB-4841-43B8-9A39-06C9FDE6363B}"
EndProject
Project("{2150E333-8FDC-42A3-9474-1A3956D46DE8}") = "example", "example", "{966958D3-2311-4894-B506-975DC4127895}"
EndProject
Project("{FAE04EC0-301F-11D3-BF4B-00C04F79EFBC}") = "OrderTaking", "example\OrderTaking\OrderTaking.csproj", "{4B0F108A-01EB-4EF4-98BA-11EE9994A1B0}"
EndProject
Global
	GlobalSection(SolutionConfigurationPlatforms) = preSolution
		Debug|Any CPU = Debug|Any CPU
		Release|Any CPU = Release|Any CPU
	EndGlobalSection
	GlobalSection(ProjectConfigurationPlatforms) = postSolution
		{438F3D18-A875-48D9-A966-1C555B715292}.Debug|Any CPU.ActiveCfg = Debug|Any CPU
		{438F3D18-A875-48D9-A966-1C555B715292}.Debug|Any CPU.Build.0 = Debug|Any CPU
		{438F3D18-A875-48D9-A966-1C555B715292}.Release|Any CPU.ActiveCfg = Release|Any CPU
		{438F3D18-A875-48D9-A966-1C555B715292}.Release|Any CPU.Build.0 = Release|Any CPU
		{A4270052-7436-4ED1-A94F-9A8F4FF15821}.Debug|Any CPU.ActiveCfg = Debug|Any CPU
		{A4270052-7436-4ED1-A94F-9A8F4FF15821}.Debug|Any CPU.Build.0 = Debug|Any CPU
		{A4270052-7436-4ED1-A94F-9A8F4FF15821}.Release|Any CPU.ActiveCfg = Release|Any CPU
		{A4270052-7436-4ED1-A94F-9A8F4FF15821}.Release|Any CPU.Build.0 = Release|Any CPU
		{4B0F108A-01EB-4EF4-98BA-11EE9994A1B0}.Debug|Any CPU.ActiveCfg = Debug|Any CPU
		{4B0F108A-01EB-4EF4-98BA-11EE9994A1B0}.Debug|Any CPU.Build.0 = Debug|Any CPU
		{4B0F108A-01EB-4EF4-98BA-11EE9994A1B0}.Release|Any CPU.ActiveCfg = Release|Any CPU
		{4B0F108A-01EB-4EF4-98BA-11EE9994A1B0}.Release|Any CPU.Build.0 = Release|Any CPU
	EndGlobalSection
	GlobalSection(SolutionProperties) = preSolution
		HideSolutionNode = FALSE
	EndGlobalSection
	GlobalSection(NestedProjects) = preSolution
		{438F3D18-A875-48D9-A966-1C555B715292} = {61694D22-BED0-4203-8E7A-00082EEC0731}
		{A4270052-7436-4ED1-A94F-9A8F4FF15821} = {C7D7B8AB-4841-43B8-9A39-06C9FDE6363B}
		{4B0F108A-01EB-4EF4-98BA-11EE9994A1B0} = {966958D3-2311-4894-B506-975DC4127895}
	EndGlobalSection
	GlobalSection(ExtensibilityGlobals) = postSolution
		SolutionGuid = {11C80353-F4EF-41ED-AA44-A9E2BE643A0F}
	EndGlobalSection
EndGlobal
